// !$*UTF8*$!
{
	archiveVersion = 1;
	classes = {
	};
	objectVersion = 48;
	objects = {

/* Begin PBXBuildFile section */
		34B5F8B2211325890064DB3E /* char형 2차원 포인터.c in Sources */ = {isa = PBXBuildFile; fileRef = 34B5F8B0211325890064DB3E /* char형 2차원 포인터.c */; };
		34B5F8B42113271F0064DB3E /* int형 3차원 포인터.c in Sources */ = {isa = PBXBuildFile; fileRef = 34B5F8B32113271F0064DB3E /* int형 3차원 포인터.c */; };
		34B5F8B621132EA30064DB3E /* *연산자 사용해 char형 배열 요소에 접근.c in Sources */ = {isa = PBXBuildFile; fileRef = 34B5F8B521132EA30064DB3E /* *연산자 사용해 char형 배열 요소에 접근.c */; };
		34B5F8B9211330B10064DB3E /* *과 & 연산자를 사용한 char형 배열.c in Sources */ = {isa = PBXBuildFile; fileRef = 34B5F8B8211330B10064DB3E /* *과 & 연산자를 사용한 char형 배열.c */; };
/* End PBXBuildFile section */

/* Begin PBXCopyFilesBuildPhase section */
		34D96201211324C700F3DD28 /* CopyFiles */ = {
			isa = PBXCopyFilesBuildPhase;
			buildActionMask = 2147483647;
			dstPath = /usr/share/man/man1/;
			dstSubfolderSpec = 0;
			files = (
			);
			runOnlyForDeploymentPostprocessing = 1;
		};
/* End PBXCopyFilesBuildPhase section */

/* Begin PBXFileReference section */
		34B5F8B0211325890064DB3E /* char형 2차원 포인터.c */ = {isa = PBXFileReference; lastKnownFileType = sourcecode.c.c; path = "char형 2차원 포인터.c"; sourceTree = "<group>"; };
		34B5F8B32113271F0064DB3E /* int형 3차원 포인터.c */ = {isa = PBXFileReference; lastKnownFileType = sourcecode.c.c; path = "int형 3차원 포인터.c"; sourceTree = "<group>"; };
		34B5F8B521132EA30064DB3E /* *연산자 사용해 char형 배열 요소에 접근.c */ = {isa = PBXFileReference; lastKnownFileType = sourcecode.c.c; path = "*연산자 사용해 char형 배열 요소에 접근.c"; sourceTree = "<group>"; };
		34B5F8B8211330B10064DB3E /* *과 & 연산자를 사용한 char형 배열.c */ = {isa = PBXFileReference; lastKnownFileType = sourcecode.c.c; path = "*과 & 연산자를 사용한 char형 배열.c"; sourceTree = "<group>"; };
		34D96203211324C700F3DD28 /* pointer */ = {isa = PBXFileReference; explicitFileType = "compiled.mach-o.executable"; includeInIndex = 0; path = pointer; sourceTree = BUILT_PRODUCTS_DIR; };
/* End PBXFileReference section */

/* Begin PBXFrameworksBuildPhase section */
		34D96200211324C700F3DD28 /* Frameworks */ = {
			isa = PBXFrameworksBuildPhase;
			buildActionMask = 2147483647;
			files = (
			);
			runOnlyForDeploymentPostprocessing = 0;
		};
/* End PBXFrameworksBuildPhase section */

/* Begin PBXGroup section */
		34D961FA211324C700F3DD28 = {
			isa = PBXGroup;
			children = (
				34D96205211324C700F3DD28 /* pointer */,
				34D96204211324C700F3DD28 /* Products */,
			);
			sourceTree = "<group>";
		};
		34D96204211324C700F3DD28 /* Products */ = {
			isa = PBXGroup;
			children = (
				34D96203211324C700F3DD28 /* pointer */,
			);
			name = Products;
			sourceTree = "<group>";
		};
		34D96205211324C700F3DD28 /* pointer */ = {
			isa = PBXGroup;
			children = (
				34B5F8B32113271F0064DB3E /* int형 3차원 포인터.c */,
				34B5F8B0211325890064DB3E /* char형 2차원 포인터.c */,
				34B5F8B521132EA30064DB3E /* *연산자 사용해 char형 배열 요소에 접근.c */,
				34B5F8B8211330B10064DB3E /* *과 & 연산자를 사용한 char형 배열.c */,
			);
			path = pointer;
			sourceTree = "<group>";
		};
/* End PBXGroup section */

/* Begin PBXNativeTarget section */
		34D96202211324C700F3DD28 /* pointer */ = {
			isa = PBXNativeTarget;
			buildConfigurationList = 34D9620A211324C700F3DD28 /* Build configuration list for PBXNativeTarget "pointer" */;
			buildPhases = (
				34D961FF211324C700F3DD28 /* Sources */,
				34D96200211324C700F3DD28 /* Frameworks */,
				34D96201211324C700F3DD28 /* CopyFiles */,
			);
			buildRules = (
			);
			dependencies = (
			);
			name = pointer;
			productName = pointer;
			productReference = 34D96203211324C700F3DD28 /* pointer */;
			productType = "com.apple.product-type.tool";
		};
/* End PBXNativeTarget section */

/* Begin PBXProject section */
		34D961FB211324C700F3DD28 /* Project object */ = {
			isa = PBXProject;
			attributes = {
				LastUpgradeCheck = 0920;
				ORGANIZATIONNAME = D.Ruin;
				TargetAttributes = {
					34D96202211324C700F3DD28 = {
						CreatedOnToolsVersion = 9.2;
						ProvisioningStyle = Automatic;
					};
				};
			};
			buildConfigurationList = 34D961FE211324C700F3DD28 /* Build configuration list for PBXProject "pointer" */;
			compatibilityVersion = "Xcode 8.0";
			developmentRegion = en;
			hasScannedForEncodings = 0;
			knownRegions = (
				en,
			);
			mainGroup = 34D961FA211324C700F3DD28;
			productRefGroup = 34D96204211324C700F3DD28 /* Products */;
			projectDirPath = "";
			projectRoot = "";
			targets = (
				34D96202211324C700F3DD28 /* pointer */,
			);
		};
/* End PBXProject section */

/* Begin PBXSourcesBuildPhase section */
		34D961FF211324C700F3DD28 /* Sources */ = {
			isa = PBXSourcesBuildPhase;
			buildActionMask = 2147483647;
			files = (
				34B5F8B9211330B10064DB3E /* *과 & 연산자를 사용한 char형 배열.c in Sources */,
				34B5F8B2211325890064DB3E /* char형 2차원 포인터.c in Sources */,
				34B5F8B42113271F0064DB3E /* int형 3차원 포인터.c in Sources */,
				34B5F8B621132EA30064DB3E /* *연산자 사용해 char형 배열 요소에 접근.c in Sources */,
			);
			runOnlyForDeploymentPostprocessing = 0;
		};
/* End PBXSourcesBuildPhase section */

/* Begin XCBuildConfiguration section */
		34D96208211324C700F3DD28 /* Debug */ = {
			isa = XCBuildConfiguration;
			buildSettings = {
				ALWAYS_SEARCH_USER_PATHS = NO;
				CLANG_ANALYZER_NONNULL = YES;
				CLANG_ANALYZER_NUMBER_OBJECT_CONVERSION = YES_AGGRESSIVE;
				CLANG_CXX_LANGUAGE_STANDARD = "gnu++14";
				CLANG_CXX_LIBRARY = "libc++";
				CLANG_ENABLE_MODULES = YES;
				CLANG_ENABLE_OBJC_ARC = YES;
				CLANG_WARN_BLOCK_CAPTURE_AUTORELEASING = YES;
				CLANG_WARN_BOOL_CONVERSION = YES;
				CLANG_WARN_COMMA = YES;
				CLANG_WARN_CONSTANT_CONVERSION = YES;
				CLANG_WARN_DIRECT_OBJC_ISA_USAGE = YES_ERROR;
				CLANG_WARN_DOCUMENTATION_COMMENTS = YES;
				CLANG_WARN_EMPTY_BODY = YES;
				CLANG_WARN_ENUM_CONVERSION = YES;
				CLANG_WARN_INFINITE_RECURSION = YES;
				CLANG_WARN_INT_CONVERSION = YES;
				CLANG_WARN_NON_LITERAL_NULL_CONVERSION = YES;
				CLANG_WARN_OBJC_LITERAL_CONVERSION = YES;
				CLANG_WARN_OBJC_ROOT_CLASS = YES_ERROR;
				CLANG_WARN_RANGE_LOOP_ANALYSIS = YES;
				CLANG_WARN_STRICT_PROTOTYPES = YES;
				CLANG_WARN_SUSPICIOUS_MOVE = YES;
				CLANG_WARN_UNGUARDED_AVAILABILITY = YES_AGGRESSIVE;
				CLANG_WARN_UNREACHABLE_CODE = YES;
				CLANG_WARN__DUPLICATE_METHOD_MATCH = YES;
				CODE_SIGN_IDENTITY = "-";
				COPY_PHASE_STRIP = NO;
				DEBUG_INFORMATION_FORMAT = dwarf;
				ENABLE_STRICT_OBJC_MSGSEND = YES;
				ENABLE_TESTABILITY = YES;
				GCC_C_LANGUAGE_STANDARD = gnu11;
				GCC_DYNAMIC_NO_PIC = NO;
				GCC_NO_COMMON_BLOCKS = YES;
				GCC_OPTIMIZATION_LEVEL = 0;
				GCC_PREPROCESSOR_DEFINITIONS = (
					"DEBUG=1",
					"$(inherited)",
				);
				GCC_WARN_64_TO_32_BIT_CONVERSION = YES;
				GCC_WARN_ABOUT_RETURN_TYPE = YES_ERROR;
				GCC_WARN_UNDECLARED_SELECTOR = YES;
				GCC_WARN_UNINITIALIZED_AUTOS = YES_AGGRESSIVE;
				GCC_WARN_UNUSED_FUNCTION = YES;
				GCC_WARN_UNUSED_VARIABLE = YES;
				MACOSX_DEPLOYMENT_TARGET = 10.12;
				MTL_ENABLE_DEBUG_INFO = YES;
				ONLY_ACTIVE_ARCH = YES;
				SDKROOT = macosx;
			};
			name = Debug;
		};
		34D96209211324C700F3DD28 /* Release */ = {
			isa = XCBuildConfiguration;
			buildSettings = {
				ALWAYS_SEARCH_USER_PATHS = NO;
				CLANG_ANALYZER_NONNULL = YES;
				CLANG_ANALYZER_NUMBER_OBJECT_CONVERSION = YES_AGGRESSIVE;
				CLANG_CXX_LANGUAGE_STANDARD = "gnu++14";
				CLANG_CXX_LIBRARY = "libc++";
				CLANG_ENABLE_MODULES = YES;
				CLANG_ENABLE_OBJC_ARC = YES;
				CLANG_WARN_BLOCK_CAPTURE_AUTORELEASING = YES;
				CLANG_WARN_BOOL_CONVERSION = YES;
				CLANG_WARN_COMMA = YES;
				CLANG_WARN_CONSTANT_CONVERSION = YES;
				CLANG_WARN_DIRECT_OBJC_ISA_USAGE = YES_ERROR;
				CLANG_WARN_DOCUMENTATION_COMMENTS = YES;
				CLANG_WARN_EMPTY_BODY = YES;
				CLANG_WARN_ENUM_CONVERSION = YES;
				CLANG_WARN_INFINITE_RECURSION = YES;
				CLANG_WARN_INT_CONVERSION = YES;
				CLANG_WARN_NON_LITERAL_NULL_CONVERSION = YES;
				CLANG_WARN_OBJC_LITERAL_CONVERSION = YES;
				CLANG_WARN_OBJC_ROOT_CLASS = YES_ERROR;
				CLANG_WARN_RANGE_LOOP_ANALYSIS = YES;
				CLANG_WARN_STRICT_PROTOTYPES = YES;
				CLANG_WARN_SUSPICIOUS_MOVE = YES;
				CLANG_WARN_UNGUARDED_AVAILABILITY = YES_AGGRESSIVE;
				CLANG_WARN_UNREACHABLE_CODE = YES;
				CLANG_WARN__DUPLICATE_METHOD_MATCH = YES;
				CODE_SIGN_IDENTITY = "-";
				COPY_PHASE_STRIP = NO;
				DEBUG_INFORMATION_FORMAT = "dwarf-with-dsym";
				ENABLE_NS_ASSERTIONS = NO;
				ENABLE_STRICT_OBJC_MSGSEND = YES;
				GCC_C_LANGUAGE_STANDARD = gnu11;
				GCC_NO_COMMON_BLOCKS = YES;
				GCC_WARN_64_TO_32_BIT_CONVERSION = YES;
				GCC_WARN_ABOUT_RETURN_TYPE = YES_ERROR;
				GCC_WARN_UNDECLARED_SELECTOR = YES;
				GCC_WARN_UNINITIALIZED_AUTOS = YES_AGGRESSIVE;
				GCC_WARN_UNUSED_FUNCTION = YES;
				GCC_WARN_UNUSED_VARIABLE = YES;
				MACOSX_DEPLOYMENT_TARGET = 10.12;
				MTL_ENABLE_DEBUG_INFO = NO;
				SDKROOT = macosx;
			};
			name = Release;
		};
		34D9620B211324C700F3DD28 /* Debug */ = {
			isa = XCBuildConfiguration;
			buildSettings = {
				CODE_SIGN_STYLE = Automatic;
				PRODUCT_NAME = "$(TARGET_NAME)";
			};
			name = Debug;
		};
		34D9620C211324C700F3DD28 /* Release */ = {
			isa = XCBuildConfiguration;
			buildSettings = {
				CODE_SIGN_STYLE = Automatic;
				PRODUCT_NAME = "$(TARGET_NAME)";
			};
			name = Release;
		};
/* End XCBuildConfiguration section */

/* Begin XCConfigurationList section */
		34D961FE211324C700F3DD28 /* Build configuration list for PBXProject "pointer" */ = {
			isa = XCConfigurationList;
			buildConfigurations = (
				34D96208211324C700F3DD28 /* Debug */,
				34D96209211324C700F3DD28 /* Release */,
			);
			defaultConfigurationIsVisible = 0;
			defaultConfigurationName = Release;
		};
		34D9620A211324C700F3DD28 /* Build configuration list for PBXNativeTarget "pointer" */ = {
			isa = XCConfigurationList;
			buildConfigurations = (
				34D9620B211324C700F3DD28 /* Debug */,
				34D9620C211324C700F3DD28 /* Release */,
			);
			defaultConfigurationIsVisible = 0;
			defaultConfigurationName = Release;
		};
/* End XCConfigurationList section */
	};
	rootObject = 34D961FB211324C700F3DD28 /* Project object */;
}
